
Microsoft Visual Studio Solution File, Format Version 12.00
# Visual Studio Version 16
VisualStudioVersion = 16.0.30413.136
MinimumVisualStudioVersion = 10.0.40219.1
Project("{FAE04EC0-301F-11D3-BF4B-00C04F79EFBC}") = "CAI.Guia de Repaso", "CAI.Guia de Repaso\CAI.Guia de Repaso.csproj", "{7D9F1832-5C2B-4EE7-865A-6544955C99C8}"
EndProject
Global
	GlobalSection(SolutionConfigurationPlatforms) = preSolution
		Debug|Any CPU = Debug|Any CPU
		Release|Any CPU = Release|Any CPU
	EndGlobalSection
	GlobalSection(ProjectConfigurationPlatforms) = postSolution
		{7D9F1832-5C2B-4EE7-865A-6544955C99C8}.Debug|Any CPU.ActiveCfg = Debug|Any CPU
		{7D9F1832-5C2B-4EE7-865A-6544955C99C8}.Debug|Any CPU.Build.0 = Debug|Any CPU
		{7D9F1832-5C2B-4EE7-865A-6544955C99C8}.Release|Any CPU.ActiveCfg = Release|Any CPU
		{7D9F1832-5C2B-4EE7-865A-6544955C99C8}.Release|Any CPU.Build.0 = Release|Any CPU
	EndGlobalSection
	GlobalSection(SolutionProperties) = preSolution
		HideSolutionNode = FALSE
	EndGlobalSection
	GlobalSection(ExtensibilityGlobals) = postSolution
		SolutionGuid = {59BECFF9-81C0-450F-9592-A9C46C7B4771}
	EndGlobalSection
EndGlobal
